// !$*UTF8*$!
{
	archiveVersion = 1;
	classes = {
	};
	objectVersion = 46;
	objects = {

/* Begin PBXBuildFile section */
		B8E410781B68AC39002293DA /* main.m in Sources */ = {isa = PBXBuildFile; fileRef = B8E410771B68AC39002293DA /* main.m */; };
		B8E4107B1B68AC39002293DA /* AppDelegate.m in Sources */ = {isa = PBXBuildFile; fileRef = B8E4107A1B68AC39002293DA /* AppDelegate.m */; };
		B8E4107E1B68AC39002293DA /* ViewController.m in Sources */ = {isa = PBXBuildFile; fileRef = B8E4107D1B68AC39002293DA /* ViewController.m */; };
		B8E410811B68AC39002293DA /* Main.storyboard in Resources */ = {isa = PBXBuildFile; fileRef = B8E4107F1B68AC39002293DA /* Main.storyboard */; };
		B8E410831B68AC39002293DA /* Images.xcassets in Resources */ = {isa = PBXBuildFile; fileRef = B8E410821B68AC39002293DA /* Images.xcassets */; };
		B8E410861B68AC39002293DA /* LaunchScreen.xib in Resources */ = {isa = PBXBuildFile; fileRef = B8E410841B68AC39002293DA /* LaunchScreen.xib */; };
		B8E410921B68AC39002293DA /* RunTimeModelTests.m in Sources */ = {isa = PBXBuildFile; fileRef = B8E410911B68AC39002293DA /* RunTimeModelTests.m */; };
		B8E4109F1B68ACBF002293DA /* RuntimeModel.m in Sources */ = {isa = PBXBuildFile; fileRef = B8E4109C1B68ACBF002293DA /* RuntimeModel.m */; };
		B8E410A01B68ACBF002293DA /* TestModel.m in Sources */ = {isa = PBXBuildFile; fileRef = B8E4109E1B68ACBF002293DA /* TestModel.m */; };
/* End PBXBuildFile section */

/* Begin PBXContainerItemProxy section */
		B8E4108C1B68AC39002293DA /* PBXContainerItemProxy */ = {
			isa = PBXContainerItemProxy;
			containerPortal = B8E4106A1B68AC39002293DA /* Project object */;
			proxyType = 1;
			remoteGlobalIDString = B8E410711B68AC39002293DA;
			remoteInfo = RunTimeModel;
		};
/* End PBXContainerItemProxy section */

/* Begin PBXFileReference section */
		B8E410721B68AC39002293DA /* RunTimeModel.app */ = {isa = PBXFileReference; explicitFileType = wrapper.application; includeInIndex = 0; path = RunTimeModel.app; sourceTree = BUILT_PRODUCTS_DIR; };
		B8E410761B68AC39002293DA /* Info.plist */ = {isa = PBXFileReference; lastKnownFileType = text.plist.xml; path = Info.plist; sourceTree = "<group>"; };
		B8E410771B68AC39002293DA /* main.m */ = {isa = PBXFileReference; lastKnownFileType = sourcecode.c.objc; path = main.m; sourceTree = "<group>"; };
		B8E410791B68AC39002293DA /* AppDelegate.h */ = {isa = PBXFileReference; lastKnownFileType = sourcecode.c.h; path = AppDelegate.h; sourceTree = "<group>"; };
		B8E4107A1B68AC39002293DA /* AppDelegate.m */ = {isa = PBXFileReference; lastKnownFileType = sourcecode.c.objc; path = AppDelegate.m; sourceTree = "<group>"; };
		B8E4107C1B68AC39002293DA /* ViewController.h */ = {isa = PBXFileReference; lastKnownFileType = sourcecode.c.h; path = ViewController.h; sourceTree = "<group>"; };
		B8E4107D1B68AC39002293DA /* ViewController.m */ = {isa = PBXFileReference; lastKnownFileType = sourcecode.c.objc; path = ViewController.m; sourceTree = "<group>"; };
		B8E410801B68AC39002293DA /* Base */ = {isa = PBXFileReference; lastKnownFileType = file.storyboard; name = Base; path = Base.lproj/Main.storyboard; sourceTree = "<group>"; };
		B8E410821B68AC39002293DA /* Images.xcassets */ = {isa = PBXFileReference; lastKnownFileType = folder.assetcatalog; path = Images.xcassets; sourceTree = "<group>"; };
		B8E410851B68AC39002293DA /* Base */ = {isa = PBXFileReference; lastKnownFileType = file.xib; name = Base; path = Base.lproj/LaunchScreen.xib; sourceTree = "<group>"; };
		B8E4108B1B68AC39002293DA /* RunTimeModelTests.xctest */ = {isa = PBXFileReference; explicitFileType = wrapper.cfbundle; includeInIndex = 0; path = RunTimeModelTests.xctest; sourceTree = BUILT_PRODUCTS_DIR; };
		B8E410901B68AC39002293DA /* Info.plist */ = {isa = PBXFileReference; lastKnownFileType = text.plist.xml; path = Info.plist; sourceTree = "<group>"; };
		B8E410911B68AC39002293DA /* RunTimeModelTests.m */ = {isa = PBXFileReference; lastKnownFileType = sourcecode.c.objc; path = RunTimeModelTests.m; sourceTree = "<group>"; };
		B8E4109B1B68ACBF002293DA /* RuntimeModel.h */ = {isa = PBXFileReference; fileEncoding = 4; lastKnownFileType = sourcecode.c.h; path = RuntimeModel.h; sourceTree = "<group>"; };
		B8E4109C1B68ACBF002293DA /* RuntimeModel.m */ = {isa = PBXFileReference; fileEncoding = 4; lastKnownFileType = sourcecode.c.objc; path = RuntimeModel.m; sourceTree = "<group>"; };
		B8E4109D1B68ACBF002293DA /* TestModel.h */ = {isa = PBXFileReference; fileEncoding = 4; lastKnownFileType = sourcecode.c.h; path = TestModel.h; sourceTree = "<group>"; };
		B8E4109E1B68ACBF002293DA /* TestModel.m */ = {isa = PBXFileReference; fileEncoding = 4; lastKnownFileType = sourcecode.c.objc; path = TestModel.m; sourceTree = "<group>"; };
/* End PBXFileReference section */

/* Begin PBXFrameworksBuildPhase section */
		B8E4106F1B68AC39002293DA /* Frameworks */ = {
			isa = PBXFrameworksBuildPhase;
			buildActionMask = 2147483647;
			files = (
			);
			runOnlyForDeploymentPostprocessing = 0;
		};
		B8E410881B68AC39002293DA /* Frameworks */ = {
			isa = PBXFrameworksBuildPhase;
			buildActionMask = 2147483647;
			files = (
			);
			runOnlyForDeploymentPostprocessing = 0;
		};
/* End PBXFrameworksBuildPhase section */

/* Begin PBXGroup section */
		B8E410691B68AC39002293DA = {
			isa = PBXGroup;
			children = (
				B8E410741B68AC39002293DA /* RunTimeModel */,
				B8E4108E1B68AC39002293DA /* RunTimeModelTests */,
				B8E410731B68AC39002293DA /* Products */,
			);
			sourceTree = "<group>";
		};
		B8E410731B68AC39002293DA /* Products */ = {
			isa = PBXGroup;
			children = (
				B8E410721B68AC39002293DA /* RunTimeModel.app */,
				B8E4108B1B68AC39002293DA /* RunTimeModelTests.xctest */,
			);
			name = Products;
			sourceTree = "<group>";
		};
		B8E410741B68AC39002293DA /* RunTimeModel */ = {
			isa = PBXGroup;
			children = (
				B8E410791B68AC39002293DA /* AppDelegate.h */,
				B8E4107A1B68AC39002293DA /* AppDelegate.m */,
				B8E4107C1B68AC39002293DA /* ViewController.h */,
				B8E4107D1B68AC39002293DA /* ViewController.m */,
				B8E4109B1B68ACBF002293DA /* RuntimeModel.h */,
				B8E4109C1B68ACBF002293DA /* RuntimeModel.m */,
				B8E4109D1B68ACBF002293DA /* TestModel.h */,
				B8E4109E1B68ACBF002293DA /* TestModel.m */,
				B8E4107F1B68AC39002293DA /* Main.storyboard */,
				B8E410821B68AC39002293DA /* Images.xcassets */,
				B8E410841B68AC39002293DA /* LaunchScreen.xib */,
				B8E410751B68AC39002293DA /* Supporting Files */,
			);
			path = RunTimeModel;
			sourceTree = "<group>";
		};
		B8E410751B68AC39002293DA /* Supporting Files */ = {
			isa = PBXGroup;
			children = (
				B8E410761B68AC39002293DA /* Info.plist */,
				B8E410771B68AC39002293DA /* main.m */,
			);
			name = "Supporting Files";
			sourceTree = "<group>";
		};
		B8E4108E1B68AC39002293DA /* RunTimeModelTests */ = {
			isa = PBXGroup;
			children = (
				B8E410911B68AC39002293DA /* RunTimeModelTests.m */,
				B8E4108F1B68AC39002293DA /* Supporting Files */,
			);
			path = RunTimeModelTests;
			sourceTree = "<group>";
		};
		B8E4108F1B68AC39002293DA /* Supporting Files */ = {
			isa = PBXGroup;
			children = (
				B8E410901B68AC39002293DA /* Info.plist */,
			);
			name = "Supporting Files";
			sourceTree = "<group>";
		};
/* End PBXGroup section */

/* Begin PBXNativeTarget section */
		B8E410711B68AC39002293DA /* RunTimeModel */ = {
			isa = PBXNativeTarget;
			buildConfigurationList = B8E410951B68AC39002293DA /* Build configuration list for PBXNativeTarget "RunTimeModel" */;
			buildPhases = (
				B8E4106E1B68AC39002293DA /* Sources */,
				B8E4106F1B68AC39002293DA /* Frameworks */,
				B8E410701B68AC39002293DA /* Resources */,
			);
			buildRules = (
			);
			dependencies = (
			);
			name = RunTimeModel;
			productName = RunTimeModel;
			productReference = B8E410721B68AC39002293DA /* RunTimeModel.app */;
			productType = "com.apple.product-type.application";
		};
		B8E4108A1B68AC39002293DA /* RunTimeModelTests */ = {
			isa = PBXNativeTarget;
			buildConfigurationList = B8E410981B68AC39002293DA /* Build configuration list for PBXNativeTarget "RunTimeModelTests" */;
			buildPhases = (
				B8E410871B68AC39002293DA /* Sources */,
				B8E410881B68AC39002293DA /* Frameworks */,
				B8E410891B68AC39002293DA /* Resources */,
			);
			buildRules = (
			);
			dependencies = (
				B8E4108D1B68AC39002293DA /* PBXTargetDependency */,
			);
			name = RunTimeModelTests;
			productName = RunTimeModelTests;
			productReference = B8E4108B1B68AC39002293DA /* RunTimeModelTests.xctest */;
			productType = "com.apple.product-type.bundle.unit-test";
		};
/* End PBXNativeTarget section */

/* Begin PBXProject section */
		B8E4106A1B68AC39002293DA /* Project object */ = {
			isa = PBXProject;
			attributes = {
				LastUpgradeCheck = 0630;
				ORGANIZATIONNAME = peng;
				TargetAttributes = {
					B8E410711B68AC39002293DA = {
						CreatedOnToolsVersion = 6.3.1;
					};
					B8E4108A1B68AC39002293DA = {
						CreatedOnToolsVersion = 6.3.1;
						TestTargetID = B8E410711B68AC39002293DA;
					};
				};
			};
			buildConfigurationList = B8E4106D1B68AC39002293DA /* Build configuration list for PBXProject "RunTimeModel" */;
			compatibilityVersion = "Xcode 3.2";
			developmentRegion = English;
			hasScannedForEncodings = 0;
			knownRegions = (
				en,
				Base,
			);
			mainGroup = B8E410691B68AC39002293DA;
			productRefGroup = B8E410731B68AC39002293DA /* Products */;
			projectDirPath = "";
			projectRoot = "";
			targets = (
				B8E410711B68AC39002293DA /* RunTimeModel */,
				B8E4108A1B68AC39002293DA /* RunTimeModelTests */,
			);
		};
/* End PBXProject section */

/* Begin PBXResourcesBuildPhase section */
		B8E410701B68AC39002293DA /* Resources */ = {
			isa = PBXResourcesBuildPhase;
			buildActionMask = 2147483647;
			files = (
				B8E410811B68AC39002293DA /* Main.storyboard in Resources */,
				B8E410861B68AC39002293DA /* LaunchScreen.xib in Resources */,
				B8E410831B68AC39002293DA /* Images.xcassets in Resources */,
			);
			runOnlyForDeploymentPostprocessing = 0;
		};
		B8E410891B68AC39002293DA /* Resources */ = {
			isa = PBXResourcesBuildPhase;
			buildActionMask = 2147483647;
			files = (
			);
			runOnlyForDeploymentPostprocessing = 0;
		};
/* End PBXResourcesBuildPhase section */

/* Begin PBXSourcesBuildPhase section */
		B8E4106E1B68AC39002293DA /* Sources */ = {
			isa = PBXSourcesBuildPhase;
			buildActionMask = 2147483647;
			files = (
				B8E4107E1B68AC39002293DA /* ViewController.m in Sources */,
				B8E410A01B68ACBF002293DA /* TestModel.m in Sources */,
				B8E4107B1B68AC39002293DA /* AppDelegate.m in Sources */,
				B8E4109F1B68ACBF002293DA /* RuntimeModel.m in Sources */,
				B8E410781B68AC39002293DA /* main.m in Sources */,
			);
			runOnlyForDeploymentPostprocessing = 0;
		};
		B8E410871B68AC39002293DA /* Sources */ = {
			isa = PBXSourcesBuildPhase;
			buildActionMask = 2147483647;
			files = (
				B8E410921B68AC39002293DA /* RunTimeModelTests.m in Sources */,
			);
			runOnlyForDeploymentPostprocessing = 0;
		};
/* End PBXSourcesBuildPhase section */

/* Begin PBXTargetDependency section */
		B8E4108D1B68AC39002293DA /* PBXTargetDependency */ = {
			isa = PBXTargetDependency;
			target = B8E410711B68AC39002293DA /* RunTimeModel */;
			targetProxy = B8E4108C1B68AC39002293DA /* PBXContainerItemProxy */;
		};
/* End PBXTargetDependency section */

/* Begin PBXVariantGroup section */
		B8E4107F1B68AC39002293DA /* Main.storyboard */ = {
			isa = PBXVariantGroup;
			children = (
				B8E410801B68AC39002293DA /* Base */,
			);
			name = Main.storyboard;
			sourceTree = "<group>";
		};
		B8E410841B68AC39002293DA /* LaunchScreen.xib */ = {
			isa = PBXVariantGroup;
			children = (
				B8E410851B68AC39002293DA /* Base */,
			);
			name = LaunchScreen.xib;
			sourceTree = "<group>";
		};
/* End PBXVariantGroup section */

/* Begin XCBuildConfiguration section */
		B8E410931B68AC39002293DA /* Debug */ = {
			isa = XCBuildConfiguration;
			buildSettings = {
				ALWAYS_SEARCH_USER_PATHS = NO;
				CLANG_CXX_LANGUAGE_STANDARD = "gnu++0x";
				CLANG_CXX_LIBRARY = "libc++";
				CLANG_ENABLE_MODULES = YES;
				CLANG_ENABLE_OBJC_ARC = YES;
				CLANG_WARN_BOOL_CONVERSION = YES;
				CLANG_WARN_CONSTANT_CONVERSION = YES;
				CLANG_WARN_DIRECT_OBJC_ISA_USAGE = YES_ERROR;
				CLANG_WARN_EMPTY_BODY = YES;
				CLANG_WARN_ENUM_CONVERSION = YES;
				CLANG_WARN_INT_CONVERSION = YES;
				CLANG_WARN_OBJC_ROOT_CLASS = YES_ERROR;
				CLANG_WARN_UNREACHABLE_CODE = YES;
				CLANG_WARN__DUPLICATE_METHOD_MATCH = YES;
				"CODE_SIGN_IDENTITY[sdk=iphoneos*]" = "iPhone Developer";
				COPY_PHASE_STRIP = NO;
				DEBUG_INFORMATION_FORMAT = "dwarf-with-dsym";
				ENABLE_STRICT_OBJC_MSGSEND = YES;
				GCC_C_LANGUAGE_STANDARD = gnu99;
				GCC_DYNAMIC_NO_PIC = NO;
				GCC_NO_COMMON_BLOCKS = YES;
				GCC_OPTIMIZATION_LEVEL = 0;
				GCC_PREPROCESSOR_DEFINITIONS = (
					"DEBUG=1",
					"$(inherited)",
				);
				GCC_SYMBOLS_PRIVATE_EXTERN = NO;
				GCC_WARN_64_TO_32_BIT_CONVERSION = YES;
				GCC_WARN_ABOUT_RETURN_TYPE = YES_ERROR;
				GCC_WARN_UNDECLARED_SELECTOR = YES;
				GCC_WARN_UNINITIALIZED_AUTOS = YES_AGGRESSIVE;
				GCC_WARN_UNUSED_FUNCTION = YES;
				GCC_WARN_UNUSED_VARIABLE = YES;
				IPHONEOS_DEPLOYMENT_TARGET = 8.3;
				MTL_ENABLE_DEBUG_INFO = YES;
				ONLY_ACTIVE_ARCH = YES;
				SDKROOT = iphoneos;
				TARGETED_DEVICE_FAMILY = "1,2";
			};
			name = Debug;
		};
		B8E410941B68AC39002293DA /* Release */ = {
			isa = XCBuildConfiguration;
			buildSettings = {
				ALWAYS_SEARCH_USER_PATHS = NO;
				CLANG_CXX_LANGUAGE_STANDARD = "gnu++0x";
				CLANG_CXX_LIBRARY = "libc++";
				CLANG_ENABLE_MODULES = YES;
				CLANG_ENABLE_OBJC_ARC = YES;
				CLANG_WARN_BOOL_CONVERSION = YES;
				CLANG_WARN_CONSTANT_CONVERSION = YES;
				CLANG_WARN_DIRECT_OBJC_ISA_USAGE = YES_ERROR;
				CLANG_WARN_EMPTY_BODY = YES;
				CLANG_WARN_ENUM_CONVERSION = YES;
				CLANG_WARN_INT_CONVERSION = YES;
				CLANG_WARN_OBJC_ROOT_CLASS = YES_ERROR;
				CLANG_WARN_UNREACHABLE_CODE = YES;
				CLANG_WARN__DUPLICATE_METHOD_MATCH = YES;
				"CODE_SIGN_IDENTITY[sdk=iphoneos*]" = "iPhone Developer";
				COPY_PHASE_STRIP = NO;
				DEBUG_INFORMATION_FORMAT = "dwarf-with-dsym";
				ENABLE_NS_ASSERTIONS = NO;
				ENABLE_STRICT_OBJC_MSGSEND = YES;
				GCC_C_LANGUAGE_STANDARD = gnu99;
				GCC_NO_COMMON_BLOCKS = YES;
				GCC_WARN_64_TO_32_BIT_CONVERSION = YES;
				GCC_WARN_ABOUT_RETURN_TYPE = YES_ERROR;
				GCC_WARN_UNDECLARED_SELECTOR = YES;
				GCC_WARN_UNINITIALIZED_AUTOS = YES_AGGRESSIVE;
				GCC_WARN_UNUSED_FUNCTION = YES;
				GCC_WARN_UNUSED_VARIABLE = YES;
				IPHONEOS_DEPLOYMENT_TARGET = 8.3;
				MTL_ENABLE_DEBUG_INFO = NO;
				SDKROOT = iphoneos;
				TARGETED_DEVICE_FAMILY = "1,2";
				VALIDATE_PRODUCT = YES;
			};
			name = Release;
		};
		B8E410961B68AC39002293DA /* Debug */ = {
			isa = XCBuildConfiguration;
			buildSettings = {
				ASSETCATALOG_COMPILER_APPICON_NAME = AppIcon;
				INFOPLIST_FILE = RunTimeModel/Info.plist;
				LD_RUNPATH_SEARCH_PATHS = "$(inherited) @executable_path/Frameworks";
				PRODUCT_NAME = "$(TARGET_NAME)";
			};
			name = Debug;
		};
		B8E410971B68AC39002293DA /* Release */ = {
			isa = XCBuildConfiguration;
			buildSettings = {
				ASSETCATALOG_COMPILER_APPICON_NAME = AppIcon;
				INFOPLIST_FILE = RunTimeModel/Info.plist;
				LD_RUNPATH_SEARCH_PATHS = "$(inherited) @executable_path/Frameworks";
				PRODUCT_NAME = "$(TARGET_NAME)";
			};
			name = Release;
		};
		B8E410991B68AC39002293DA /* Debug */ = {
			isa = XCBuildConfiguration;
			buildSettings = {
				BUNDLE_LOADER = "$(TEST_HOST)";
				FRAMEWORK_SEARCH_PATHS = (
					"$(SDKROOT)/Developer/Library/Frameworks",
					"$(inherited)",
				);
				GCC_PREPROCESSOR_DEFINITIONS = (
					"DEBUG=1",
					"$(inherited)",
				);
				INFOPLIST_FILE = RunTimeModelTests/Info.plist;
				LD_RUNPATH_SEARCH_PATHS = "$(inherited) @executable_path/Frameworks @loader_path/Frameworks";
				PRODUCT_NAME = "$(TARGET_NAME)";
				TEST_HOST = "$(BUILT_PRODUCTS_DIR)/RunTimeModel.app/RunTimeModel";
			};
			name = Debug;
		};
		B8E4109A1B68AC39002293DA /* Release */ = {
			isa = XCBuildConfiguration;
			buildSettings = {
				BUNDLE_LOADER = "$(TEST_HOST)";
				FRAMEWORK_SEARCH_PATHS = (
					"$(SDKROOT)/Developer/Library/Frameworks",
					"$(inherited)",
				);
				INFOPLIST_FILE = RunTimeModelTests/Info.plist;
				LD_RUNPATH_SEARCH_PATHS = "$(inherited) @executable_path/Frameworks @loader_path/Frameworks";
				PRODUCT_NAME = "$(TARGET_NAME)";
				TEST_HOST = "$(BUILT_PRODUCTS_DIR)/RunTimeModel.app/RunTimeModel";
			};
			name = Release;
		};
/* End XCBuildConfiguration section */

/* Begin XCConfigurationList section */
		B8E4106D1B68AC39002293DA /* Build configuration list for PBXProject "RunTimeModel" */ = {
			isa = XCConfigurationList;
			buildConfigurations = (
				B8E410931B68AC39002293DA /* Debug */,
				B8E410941B68AC39002293DA /* Release */,
			);
			defaultConfigurationIsVisible = 0;
			defaultConfigurationName = Release;
		};
		B8E410951B68AC39002293DA /* Build configuration list for PBXNativeTarget "RunTimeModel" */ = {
			isa = XCConfigurationList;
			buildConfigurations = (
				B8E410961B68AC39002293DA /* Debug */,
				B8E410971B68AC39002293DA /* Release */,
			);
			defaultConfigurationIsVisible = 0;
		};
		B8E410981B68AC39002293DA /* Build configuration list for PBXNativeTarget "RunTimeModelTests" */ = {
			isa = XCConfigurationList;
			buildConfigurations = (
				B8E410991B68AC39002293DA /* Debug */,
				B8E4109A1B68AC39002293DA /* Release */,
			);
			defaultConfigurationIsVisible = 0;
		};
/* End XCConfigurationList section */
	};
	rootObject = B8E4106A1B68AC39002293DA /* Project object */;
}
