// !$*UTF8*$!
{
	archiveVersion = 1;
	classes = {
	};
	objectVersion = 46;
	objects = {

/* Begin PBXBuildFile section */
		B81D70711B68C87F00A0BB3A /* main.m in Sources */ = {isa = PBXBuildFile; fileRef = B81D70701B68C87F00A0BB3A /* main.m */; };
		B81D70741B68C87F00A0BB3A /* AppDelegate.m in Sources */ = {isa = PBXBuildFile; fileRef = B81D70731B68C87F00A0BB3A /* AppDelegate.m */; };
		B81D70771B68C87F00A0BB3A /* ViewController.m in Sources */ = {isa = PBXBuildFile; fileRef = B81D70761B68C87F00A0BB3A /* ViewController.m */; };
		B81D707A1B68C87F00A0BB3A /* Main.storyboard in Resources */ = {isa = PBXBuildFile; fileRef = B81D70781B68C87F00A0BB3A /* Main.storyboard */; };
		B81D707C1B68C87F00A0BB3A /* Assets.xcassets in Resources */ = {isa = PBXBuildFile; fileRef = B81D707B1B68C87F00A0BB3A /* Assets.xcassets */; };
		B81D707F1B68C87F00A0BB3A /* LaunchScreen.storyboard in Resources */ = {isa = PBXBuildFile; fileRef = B81D707D1B68C87F00A0BB3A /* LaunchScreen.storyboard */; };
		B81D708A1B68C87F00A0BB3A /* UIGradeintLayerTests.m in Sources */ = {isa = PBXBuildFile; fileRef = B81D70891B68C87F00A0BB3A /* UIGradeintLayerTests.m */; };
		B81D70951B68C87F00A0BB3A /* UIGradeintLayerUITests.m in Sources */ = {isa = PBXBuildFile; fileRef = B81D70941B68C87F00A0BB3A /* UIGradeintLayerUITests.m */; };
		B81D70A41B68C98900A0BB3A /* MuticolorView.m in Sources */ = {isa = PBXBuildFile; fileRef = B81D70A31B68C98900A0BB3A /* MuticolorView.m */; };
		B81D70A71B68D6D300A0BB3A /* MutableSelfColor.m in Sources */ = {isa = PBXBuildFile; fileRef = B81D70A61B68D6D300A0BB3A /* MutableSelfColor.m */; };
		B893D03C1B69B4B6003D9357 /* CustomMutiColor.m in Sources */ = {isa = PBXBuildFile; fileRef = B893D03B1B69B4B6003D9357 /* CustomMutiColor.m */; };
		B893D03F1B69BBFD003D9357 /* CAMutiColor.m in Sources */ = {isa = PBXBuildFile; fileRef = B893D03E1B69BBFD003D9357 /* CAMutiColor.m */; };
/* End PBXBuildFile section */

/* Begin PBXContainerItemProxy section */
		B81D70861B68C87F00A0BB3A /* PBXContainerItemProxy */ = {
			isa = PBXContainerItemProxy;
			containerPortal = B81D70641B68C87F00A0BB3A /* Project object */;
			proxyType = 1;
			remoteGlobalIDString = B81D706B1B68C87F00A0BB3A;
			remoteInfo = UIGradeintLayer;
		};
		B81D70911B68C87F00A0BB3A /* PBXContainerItemProxy */ = {
			isa = PBXContainerItemProxy;
			containerPortal = B81D70641B68C87F00A0BB3A /* Project object */;
			proxyType = 1;
			remoteGlobalIDString = B81D706B1B68C87F00A0BB3A;
			remoteInfo = UIGradeintLayer;
		};
/* End PBXContainerItemProxy section */

/* Begin PBXFileReference section */
		B81D706C1B68C87F00A0BB3A /* UIGradeintLayer.app */ = {isa = PBXFileReference; explicitFileType = wrapper.application; includeInIndex = 0; path = UIGradeintLayer.app; sourceTree = BUILT_PRODUCTS_DIR; };
		B81D70701B68C87F00A0BB3A /* main.m */ = {isa = PBXFileReference; lastKnownFileType = sourcecode.c.objc; path = main.m; sourceTree = "<group>"; };
		B81D70721B68C87F00A0BB3A /* AppDelegate.h */ = {isa = PBXFileReference; lastKnownFileType = sourcecode.c.h; path = AppDelegate.h; sourceTree = "<group>"; };
		B81D70731B68C87F00A0BB3A /* AppDelegate.m */ = {isa = PBXFileReference; lastKnownFileType = sourcecode.c.objc; path = AppDelegate.m; sourceTree = "<group>"; };
		B81D70751B68C87F00A0BB3A /* ViewController.h */ = {isa = PBXFileReference; lastKnownFileType = sourcecode.c.h; path = ViewController.h; sourceTree = "<group>"; };
		B81D70761B68C87F00A0BB3A /* ViewController.m */ = {isa = PBXFileReference; lastKnownFileType = sourcecode.c.objc; path = ViewController.m; sourceTree = "<group>"; };
		B81D70791B68C87F00A0BB3A /* Base */ = {isa = PBXFileReference; lastKnownFileType = file.storyboard; name = Base; path = Base.lproj/Main.storyboard; sourceTree = "<group>"; };
		B81D707B1B68C87F00A0BB3A /* Assets.xcassets */ = {isa = PBXFileReference; lastKnownFileType = folder.assetcatalog; path = Assets.xcassets; sourceTree = "<group>"; };
		B81D707E1B68C87F00A0BB3A /* Base */ = {isa = PBXFileReference; lastKnownFileType = file.storyboard; name = Base; path = Base.lproj/LaunchScreen.storyboard; sourceTree = "<group>"; };
		B81D70801B68C87F00A0BB3A /* Info.plist */ = {isa = PBXFileReference; lastKnownFileType = text.plist.xml; path = Info.plist; sourceTree = "<group>"; };
		B81D70851B68C87F00A0BB3A /* UIGradeintLayerTests.xctest */ = {isa = PBXFileReference; explicitFileType = wrapper.cfbundle; includeInIndex = 0; path = UIGradeintLayerTests.xctest; sourceTree = BUILT_PRODUCTS_DIR; };
		B81D70891B68C87F00A0BB3A /* UIGradeintLayerTests.m */ = {isa = PBXFileReference; lastKnownFileType = sourcecode.c.objc; path = UIGradeintLayerTests.m; sourceTree = "<group>"; };
		B81D708B1B68C87F00A0BB3A /* Info.plist */ = {isa = PBXFileReference; lastKnownFileType = text.plist.xml; path = Info.plist; sourceTree = "<group>"; };
		B81D70901B68C87F00A0BB3A /* UIGradeintLayerUITests.xctest */ = {isa = PBXFileReference; explicitFileType = wrapper.cfbundle; includeInIndex = 0; path = UIGradeintLayerUITests.xctest; sourceTree = BUILT_PRODUCTS_DIR; };
		B81D70941B68C87F00A0BB3A /* UIGradeintLayerUITests.m */ = {isa = PBXFileReference; lastKnownFileType = sourcecode.c.objc; path = UIGradeintLayerUITests.m; sourceTree = "<group>"; };
		B81D70961B68C87F00A0BB3A /* Info.plist */ = {isa = PBXFileReference; lastKnownFileType = text.plist.xml; path = Info.plist; sourceTree = "<group>"; };
		B81D70A21B68C98900A0BB3A /* MuticolorView.h */ = {isa = PBXFileReference; fileEncoding = 4; lastKnownFileType = sourcecode.c.h; path = MuticolorView.h; sourceTree = "<group>"; };
		B81D70A31B68C98900A0BB3A /* MuticolorView.m */ = {isa = PBXFileReference; fileEncoding = 4; lastKnownFileType = sourcecode.c.objc; path = MuticolorView.m; sourceTree = "<group>"; };
		B81D70A51B68D6D300A0BB3A /* MutableSelfColor.h */ = {isa = PBXFileReference; fileEncoding = 4; lastKnownFileType = sourcecode.c.h; path = MutableSelfColor.h; sourceTree = "<group>"; };
		B81D70A61B68D6D300A0BB3A /* MutableSelfColor.m */ = {isa = PBXFileReference; fileEncoding = 4; lastKnownFileType = sourcecode.c.objc; path = MutableSelfColor.m; sourceTree = "<group>"; };
		B893D03A1B69B4B6003D9357 /* CustomMutiColor.h */ = {isa = PBXFileReference; fileEncoding = 4; lastKnownFileType = sourcecode.c.h; path = CustomMutiColor.h; sourceTree = "<group>"; };
		B893D03B1B69B4B6003D9357 /* CustomMutiColor.m */ = {isa = PBXFileReference; fileEncoding = 4; lastKnownFileType = sourcecode.c.objc; path = CustomMutiColor.m; sourceTree = "<group>"; };
		B893D03D1B69BBFD003D9357 /* CAMutiColor.h */ = {isa = PBXFileReference; fileEncoding = 4; lastKnownFileType = sourcecode.c.h; path = CAMutiColor.h; sourceTree = "<group>"; };
		B893D03E1B69BBFD003D9357 /* CAMutiColor.m */ = {isa = PBXFileReference; fileEncoding = 4; lastKnownFileType = sourcecode.c.objc; path = CAMutiColor.m; sourceTree = "<group>"; };
/* End PBXFileReference section */

/* Begin PBXFrameworksBuildPhase section */
		B81D70691B68C87F00A0BB3A /* Frameworks */ = {
			isa = PBXFrameworksBuildPhase;
			buildActionMask = 2147483647;
			files = (
			);
			runOnlyForDeploymentPostprocessing = 0;
		};
		B81D70821B68C87F00A0BB3A /* Frameworks */ = {
			isa = PBXFrameworksBuildPhase;
			buildActionMask = 2147483647;
			files = (
			);
			runOnlyForDeploymentPostprocessing = 0;
		};
		B81D708D1B68C87F00A0BB3A /* Frameworks */ = {
			isa = PBXFrameworksBuildPhase;
			buildActionMask = 2147483647;
			files = (
			);
			runOnlyForDeploymentPostprocessing = 0;
		};
/* End PBXFrameworksBuildPhase section */

/* Begin PBXGroup section */
		B81D70631B68C87F00A0BB3A = {
			isa = PBXGroup;
			children = (
				B81D706E1B68C87F00A0BB3A /* UIGradeintLayer */,
				B81D70881B68C87F00A0BB3A /* UIGradeintLayerTests */,
				B81D70931B68C87F00A0BB3A /* UIGradeintLayerUITests */,
				B81D706D1B68C87F00A0BB3A /* Products */,
			);
			sourceTree = "<group>";
		};
		B81D706D1B68C87F00A0BB3A /* Products */ = {
			isa = PBXGroup;
			children = (
				B81D706C1B68C87F00A0BB3A /* UIGradeintLayer.app */,
				B81D70851B68C87F00A0BB3A /* UIGradeintLayerTests.xctest */,
				B81D70901B68C87F00A0BB3A /* UIGradeintLayerUITests.xctest */,
			);
			name = Products;
			sourceTree = "<group>";
		};
		B81D706E1B68C87F00A0BB3A /* UIGradeintLayer */ = {
			isa = PBXGroup;
			children = (
				B81D70721B68C87F00A0BB3A /* AppDelegate.h */,
				B81D70731B68C87F00A0BB3A /* AppDelegate.m */,
				B81D70751B68C87F00A0BB3A /* ViewController.h */,
				B81D70761B68C87F00A0BB3A /* ViewController.m */,
				B81D70A21B68C98900A0BB3A /* MuticolorView.h */,
				B81D70A31B68C98900A0BB3A /* MuticolorView.m */,
				B81D70A51B68D6D300A0BB3A /* MutableSelfColor.h */,
				B81D70A61B68D6D300A0BB3A /* MutableSelfColor.m */,
				B893D03A1B69B4B6003D9357 /* CustomMutiColor.h */,
				B893D03B1B69B4B6003D9357 /* CustomMutiColor.m */,
				B893D03D1B69BBFD003D9357 /* CAMutiColor.h */,
				B893D03E1B69BBFD003D9357 /* CAMutiColor.m */,
				B81D70781B68C87F00A0BB3A /* Main.storyboard */,
				B81D707B1B68C87F00A0BB3A /* Assets.xcassets */,
				B81D707D1B68C87F00A0BB3A /* LaunchScreen.storyboard */,
				B81D70801B68C87F00A0BB3A /* Info.plist */,
				B81D706F1B68C87F00A0BB3A /* Supporting Files */,
			);
			path = UIGradeintLayer;
			sourceTree = "<group>";
		};
		B81D706F1B68C87F00A0BB3A /* Supporting Files */ = {
			isa = PBXGroup;
			children = (
				B81D70701B68C87F00A0BB3A /* main.m */,
			);
			name = "Supporting Files";
			sourceTree = "<group>";
		};
		B81D70881B68C87F00A0BB3A /* UIGradeintLayerTests */ = {
			isa = PBXGroup;
			children = (
				B81D70891B68C87F00A0BB3A /* UIGradeintLayerTests.m */,
				B81D708B1B68C87F00A0BB3A /* Info.plist */,
			);
			path = UIGradeintLayerTests;
			sourceTree = "<group>";
		};
		B81D70931B68C87F00A0BB3A /* UIGradeintLayerUITests */ = {
			isa = PBXGroup;
			children = (
				B81D70941B68C87F00A0BB3A /* UIGradeintLayerUITests.m */,
				B81D70961B68C87F00A0BB3A /* Info.plist */,
			);
			path = UIGradeintLayerUITests;
			sourceTree = "<group>";
		};
/* End PBXGroup section */

/* Begin PBXNativeTarget section */
		B81D706B1B68C87F00A0BB3A /* UIGradeintLayer */ = {
			isa = PBXNativeTarget;
			buildConfigurationList = B81D70991B68C87F00A0BB3A /* Build configuration list for PBXNativeTarget "UIGradeintLayer" */;
			buildPhases = (
				B81D70681B68C87F00A0BB3A /* Sources */,
				B81D70691B68C87F00A0BB3A /* Frameworks */,
				B81D706A1B68C87F00A0BB3A /* Resources */,
			);
			buildRules = (
			);
			dependencies = (
			);
			name = UIGradeintLayer;
			productName = UIGradeintLayer;
			productReference = B81D706C1B68C87F00A0BB3A /* UIGradeintLayer.app */;
			productType = "com.apple.product-type.application";
		};
		B81D70841B68C87F00A0BB3A /* UIGradeintLayerTests */ = {
			isa = PBXNativeTarget;
			buildConfigurationList = B81D709C1B68C87F00A0BB3A /* Build configuration list for PBXNativeTarget "UIGradeintLayerTests" */;
			buildPhases = (
				B81D70811B68C87F00A0BB3A /* Sources */,
				B81D70821B68C87F00A0BB3A /* Frameworks */,
				B81D70831B68C87F00A0BB3A /* Resources */,
			);
			buildRules = (
			);
			dependencies = (
				B81D70871B68C87F00A0BB3A /* PBXTargetDependency */,
			);
			name = UIGradeintLayerTests;
			productName = UIGradeintLayerTests;
			productReference = B81D70851B68C87F00A0BB3A /* UIGradeintLayerTests.xctest */;
			productType = "com.apple.product-type.bundle.unit-test";
		};
		B81D708F1B68C87F00A0BB3A /* UIGradeintLayerUITests */ = {
			isa = PBXNativeTarget;
			buildConfigurationList = B81D709F1B68C87F00A0BB3A /* Build configuration list for PBXNativeTarget "UIGradeintLayerUITests" */;
			buildPhases = (
				B81D708C1B68C87F00A0BB3A /* Sources */,
				B81D708D1B68C87F00A0BB3A /* Frameworks */,
				B81D708E1B68C87F00A0BB3A /* Resources */,
			);
			buildRules = (
			);
			dependencies = (
				B81D70921B68C87F00A0BB3A /* PBXTargetDependency */,
			);
			name = UIGradeintLayerUITests;
			productName = UIGradeintLayerUITests;
			productReference = B81D70901B68C87F00A0BB3A /* UIGradeintLayerUITests.xctest */;
			productType = "com.apple.product-type.bundle.ui-testing";
		};
/* End PBXNativeTarget section */

/* Begin PBXProject section */
		B81D70641B68C87F00A0BB3A /* Project object */ = {
			isa = PBXProject;
			attributes = {
				LastUpgradeCheck = 0700;
				ORGANIZATIONNAME = peng;
				TargetAttributes = {
					B81D706B1B68C87F00A0BB3A = {
						CreatedOnToolsVersion = 7.0;
					};
					B81D70841B68C87F00A0BB3A = {
						CreatedOnToolsVersion = 7.0;
						TestTargetID = B81D706B1B68C87F00A0BB3A;
					};
					B81D708F1B68C87F00A0BB3A = {
						CreatedOnToolsVersion = 7.0;
						TestTargetID = B81D706B1B68C87F00A0BB3A;
					};
				};
			};
			buildConfigurationList = B81D70671B68C87F00A0BB3A /* Build configuration list for PBXProject "UIGradeintLayer" */;
			compatibilityVersion = "Xcode 3.2";
			developmentRegion = English;
			hasScannedForEncodings = 0;
			knownRegions = (
				en,
				Base,
			);
			mainGroup = B81D70631B68C87F00A0BB3A;
			productRefGroup = B81D706D1B68C87F00A0BB3A /* Products */;
			projectDirPath = "";
			projectRoot = "";
			targets = (
				B81D706B1B68C87F00A0BB3A /* UIGradeintLayer */,
				B81D70841B68C87F00A0BB3A /* UIGradeintLayerTests */,
				B81D708F1B68C87F00A0BB3A /* UIGradeintLayerUITests */,
			);
		};
/* End PBXProject section */

/* Begin PBXResourcesBuildPhase section */
		B81D706A1B68C87F00A0BB3A /* Resources */ = {
			isa = PBXResourcesBuildPhase;
			buildActionMask = 2147483647;
			files = (
				B81D707F1B68C87F00A0BB3A /* LaunchScreen.storyboard in Resources */,
				B81D707C1B68C87F00A0BB3A /* Assets.xcassets in Resources */,
				B81D707A1B68C87F00A0BB3A /* Main.storyboard in Resources */,
			);
			runOnlyForDeploymentPostprocessing = 0;
		};
		B81D70831B68C87F00A0BB3A /* Resources */ = {
			isa = PBXResourcesBuildPhase;
			buildActionMask = 2147483647;
			files = (
			);
			runOnlyForDeploymentPostprocessing = 0;
		};
		B81D708E1B68C87F00A0BB3A /* Resources */ = {
			isa = PBXResourcesBuildPhase;
			buildActionMask = 2147483647;
			files = (
			);
			runOnlyForDeploymentPostprocessing = 0;
		};
/* End PBXResourcesBuildPhase section */

/* Begin PBXSourcesBuildPhase section */
		B81D70681B68C87F00A0BB3A /* Sources */ = {
			isa = PBXSourcesBuildPhase;
			buildActionMask = 2147483647;
			files = (
				B81D70771B68C87F00A0BB3A /* ViewController.m in Sources */,
				B81D70741B68C87F00A0BB3A /* AppDelegate.m in Sources */,
				B81D70A71B68D6D300A0BB3A /* MutableSelfColor.m in Sources */,
				B893D03C1B69B4B6003D9357 /* CustomMutiColor.m in Sources */,
				B81D70711B68C87F00A0BB3A /* main.m in Sources */,
				B81D70A41B68C98900A0BB3A /* MuticolorView.m in Sources */,
				B893D03F1B69BBFD003D9357 /* CAMutiColor.m in Sources */,
			);
			runOnlyForDeploymentPostprocessing = 0;
		};
		B81D70811B68C87F00A0BB3A /* Sources */ = {
			isa = PBXSourcesBuildPhase;
			buildActionMask = 2147483647;
			files = (
				B81D708A1B68C87F00A0BB3A /* UIGradeintLayerTests.m in Sources */,
			);
			runOnlyForDeploymentPostprocessing = 0;
		};
		B81D708C1B68C87F00A0BB3A /* Sources */ = {
			isa = PBXSourcesBuildPhase;
			buildActionMask = 2147483647;
			files = (
				B81D70951B68C87F00A0BB3A /* UIGradeintLayerUITests.m in Sources */,
			);
			runOnlyForDeploymentPostprocessing = 0;
		};
/* End PBXSourcesBuildPhase section */

/* Begin PBXTargetDependency section */
		B81D70871B68C87F00A0BB3A /* PBXTargetDependency */ = {
			isa = PBXTargetDependency;
			target = B81D706B1B68C87F00A0BB3A /* UIGradeintLayer */;
			targetProxy = B81D70861B68C87F00A0BB3A /* PBXContainerItemProxy */;
		};
		B81D70921B68C87F00A0BB3A /* PBXTargetDependency */ = {
			isa = PBXTargetDependency;
			target = B81D706B1B68C87F00A0BB3A /* UIGradeintLayer */;
			targetProxy = B81D70911B68C87F00A0BB3A /* PBXContainerItemProxy */;
		};
/* End PBXTargetDependency section */

/* Begin PBXVariantGroup section */
		B81D70781B68C87F00A0BB3A /* Main.storyboard */ = {
			isa = PBXVariantGroup;
			children = (
				B81D70791B68C87F00A0BB3A /* Base */,
			);
			name = Main.storyboard;
			sourceTree = "<group>";
		};
		B81D707D1B68C87F00A0BB3A /* LaunchScreen.storyboard */ = {
			isa = PBXVariantGroup;
			children = (
				B81D707E1B68C87F00A0BB3A /* Base */,
			);
			name = LaunchScreen.storyboard;
			sourceTree = "<group>";
		};
/* End PBXVariantGroup section */

/* Begin XCBuildConfiguration section */
		B81D70971B68C87F00A0BB3A /* Debug */ = {
			isa = XCBuildConfiguration;
			buildSettings = {
				ALWAYS_SEARCH_USER_PATHS = NO;
				CLANG_CXX_LANGUAGE_STANDARD = "gnu++0x";
				CLANG_CXX_LIBRARY = "libc++";
				CLANG_ENABLE_MODULES = YES;
				CLANG_ENABLE_OBJC_ARC = YES;
				CLANG_WARN_BOOL_CONVERSION = YES;
				CLANG_WARN_CONSTANT_CONVERSION = YES;
				CLANG_WARN_DIRECT_OBJC_ISA_USAGE = YES_ERROR;
				CLANG_WARN_EMPTY_BODY = YES;
				CLANG_WARN_ENUM_CONVERSION = YES;
				CLANG_WARN_INT_CONVERSION = YES;
				CLANG_WARN_OBJC_ROOT_CLASS = YES_ERROR;
				CLANG_WARN_UNREACHABLE_CODE = YES;
				CLANG_WARN__DUPLICATE_METHOD_MATCH = YES;
				"CODE_SIGN_IDENTITY[sdk=iphoneos*]" = "iPhone Developer";
				COPY_PHASE_STRIP = NO;
				DEBUG_INFORMATION_FORMAT = dwarf;
				ENABLE_STRICT_OBJC_MSGSEND = YES;
				ENABLE_TESTABILITY = YES;
				GCC_C_LANGUAGE_STANDARD = gnu99;
				GCC_DYNAMIC_NO_PIC = NO;
				GCC_NO_COMMON_BLOCKS = YES;
				GCC_OPTIMIZATION_LEVEL = 0;
				GCC_PREPROCESSOR_DEFINITIONS = (
					"DEBUG=1",
					"$(inherited)",
				);
				GCC_WARN_64_TO_32_BIT_CONVERSION = YES;
				GCC_WARN_ABOUT_RETURN_TYPE = YES_ERROR;
				GCC_WARN_UNDECLARED_SELECTOR = YES;
				GCC_WARN_UNINITIALIZED_AUTOS = YES_AGGRESSIVE;
				GCC_WARN_UNUSED_FUNCTION = YES;
				GCC_WARN_UNUSED_VARIABLE = YES;
				IPHONEOS_DEPLOYMENT_TARGET = 9.0;
				MTL_ENABLE_DEBUG_INFO = YES;
				ONLY_ACTIVE_ARCH = YES;
				SDKROOT = iphoneos;
				TARGETED_DEVICE_FAMILY = "1,2";
			};
			name = Debug;
		};
		B81D70981B68C87F00A0BB3A /* Release */ = {
			isa = XCBuildConfiguration;
			buildSettings = {
				ALWAYS_SEARCH_USER_PATHS = NO;
				CLANG_CXX_LANGUAGE_STANDARD = "gnu++0x";
				CLANG_CXX_LIBRARY = "libc++";
				CLANG_ENABLE_MODULES = YES;
				CLANG_ENABLE_OBJC_ARC = YES;
				CLANG_WARN_BOOL_CONVERSION = YES;
				CLANG_WARN_CONSTANT_CONVERSION = YES;
				CLANG_WARN_DIRECT_OBJC_ISA_USAGE = YES_ERROR;
				CLANG_WARN_EMPTY_BODY = YES;
				CLANG_WARN_ENUM_CONVERSION = YES;
				CLANG_WARN_INT_CONVERSION = YES;
				CLANG_WARN_OBJC_ROOT_CLASS = YES_ERROR;
				CLANG_WARN_UNREACHABLE_CODE = YES;
				CLANG_WARN__DUPLICATE_METHOD_MATCH = YES;
				"CODE_SIGN_IDENTITY[sdk=iphoneos*]" = "iPhone Developer";
				COPY_PHASE_STRIP = NO;
				DEBUG_INFORMATION_FORMAT = "dwarf-with-dsym";
				ENABLE_NS_ASSERTIONS = NO;
				ENABLE_STRICT_OBJC_MSGSEND = YES;
				GCC_C_LANGUAGE_STANDARD = gnu99;
				GCC_NO_COMMON_BLOCKS = YES;
				GCC_WARN_64_TO_32_BIT_CONVERSION = YES;
				GCC_WARN_ABOUT_RETURN_TYPE = YES_ERROR;
				GCC_WARN_UNDECLARED_SELECTOR = YES;
				GCC_WARN_UNINITIALIZED_AUTOS = YES_AGGRESSIVE;
				GCC_WARN_UNUSED_FUNCTION = YES;
				GCC_WARN_UNUSED_VARIABLE = YES;
				IPHONEOS_DEPLOYMENT_TARGET = 9.0;
				MTL_ENABLE_DEBUG_INFO = NO;
				SDKROOT = iphoneos;
				TARGETED_DEVICE_FAMILY = "1,2";
				VALIDATE_PRODUCT = YES;
			};
			name = Release;
		};
		B81D709A1B68C87F00A0BB3A /* Debug */ = {
			isa = XCBuildConfiguration;
			buildSettings = {
				ASSETCATALOG_COMPILER_APPICON_NAME = AppIcon;
				INFOPLIST_FILE = UIGradeintLayer/Info.plist;
				LD_RUNPATH_SEARCH_PATHS = "$(inherited) @executable_path/Frameworks";
				PRODUCT_BUNDLE_IDENTIFIER = lp.UIGradeintLayer;
				PRODUCT_NAME = "$(TARGET_NAME)";
			};
			name = Debug;
		};
		B81D709B1B68C87F00A0BB3A /* Release */ = {
			isa = XCBuildConfiguration;
			buildSettings = {
				ASSETCATALOG_COMPILER_APPICON_NAME = AppIcon;
				INFOPLIST_FILE = UIGradeintLayer/Info.plist;
				LD_RUNPATH_SEARCH_PATHS = "$(inherited) @executable_path/Frameworks";
				PRODUCT_BUNDLE_IDENTIFIER = lp.UIGradeintLayer;
				PRODUCT_NAME = "$(TARGET_NAME)";
			};
			name = Release;
		};
		B81D709D1B68C87F00A0BB3A /* Debug */ = {
			isa = XCBuildConfiguration;
			buildSettings = {
				BUNDLE_LOADER = "$(TEST_HOST)";
				INFOPLIST_FILE = UIGradeintLayerTests/Info.plist;
				LD_RUNPATH_SEARCH_PATHS = "$(inherited) @executable_path/Frameworks @loader_path/Frameworks";
				PRODUCT_BUNDLE_IDENTIFIER = lp.UIGradeintLayerTests;
				PRODUCT_NAME = "$(TARGET_NAME)";
				TEST_HOST = "$(BUILT_PRODUCTS_DIR)/UIGradeintLayer.app/UIGradeintLayer";
			};
			name = Debug;
		};
		B81D709E1B68C87F00A0BB3A /* Release */ = {
			isa = XCBuildConfiguration;
			buildSettings = {
				BUNDLE_LOADER = "$(TEST_HOST)";
				INFOPLIST_FILE = UIGradeintLayerTests/Info.plist;
				LD_RUNPATH_SEARCH_PATHS = "$(inherited) @executable_path/Frameworks @loader_path/Frameworks";
				PRODUCT_BUNDLE_IDENTIFIER = lp.UIGradeintLayerTests;
				PRODUCT_NAME = "$(TARGET_NAME)";
				TEST_HOST = "$(BUILT_PRODUCTS_DIR)/UIGradeintLayer.app/UIGradeintLayer";
			};
			name = Release;
		};
		B81D70A01B68C87F00A0BB3A /* Debug */ = {
			isa = XCBuildConfiguration;
			buildSettings = {
				INFOPLIST_FILE = UIGradeintLayerUITests/Info.plist;
				LD_RUNPATH_SEARCH_PATHS = "$(inherited) @executable_path/Frameworks @loader_path/Frameworks";
				PRODUCT_BUNDLE_IDENTIFIER = lp.UIGradeintLayerUITests;
				PRODUCT_NAME = "$(TARGET_NAME)";
				TEST_TARGET_NAME = UIGradeintLayer;
				USES_XCTRUNNER = YES;
			};
			name = Debug;
		};
		B81D70A11B68C87F00A0BB3A /* Release */ = {
			isa = XCBuildConfiguration;
			buildSettings = {
				INFOPLIST_FILE = UIGradeintLayerUITests/Info.plist;
				LD_RUNPATH_SEARCH_PATHS = "$(inherited) @executable_path/Frameworks @loader_path/Frameworks";
				PRODUCT_BUNDLE_IDENTIFIER = lp.UIGradeintLayerUITests;
				PRODUCT_NAME = "$(TARGET_NAME)";
				TEST_TARGET_NAME = UIGradeintLayer;
				USES_XCTRUNNER = YES;
			};
			name = Release;
		};
/* End XCBuildConfiguration section */

/* Begin XCConfigurationList section */
		B81D70671B68C87F00A0BB3A /* Build configuration list for PBXProject "UIGradeintLayer" */ = {
			isa = XCConfigurationList;
			buildConfigurations = (
				B81D70971B68C87F00A0BB3A /* Debug */,
				B81D70981B68C87F00A0BB3A /* Release */,
			);
			defaultConfigurationIsVisible = 0;
			defaultConfigurationName = Release;
		};
		B81D70991B68C87F00A0BB3A /* Build configuration list for PBXNativeTarget "UIGradeintLayer" */ = {
			isa = XCConfigurationList;
			buildConfigurations = (
				B81D709A1B68C87F00A0BB3A /* Debug */,
				B81D709B1B68C87F00A0BB3A /* Release */,
			);
			defaultConfigurationIsVisible = 0;
			defaultConfigurationName = Release;
		};
		B81D709C1B68C87F00A0BB3A /* Build configuration list for PBXNativeTarget "UIGradeintLayerTests" */ = {
			isa = XCConfigurationList;
			buildConfigurations = (
				B81D709D1B68C87F00A0BB3A /* Debug */,
				B81D709E1B68C87F00A0BB3A /* Release */,
			);
			defaultConfigurationIsVisible = 0;
			defaultConfigurationName = Release;
		};
		B81D709F1B68C87F00A0BB3A /* Build configuration list for PBXNativeTarget "UIGradeintLayerUITests" */ = {
			isa = XCConfigurationList;
			buildConfigurations = (
				B81D70A01B68C87F00A0BB3A /* Debug */,
				B81D70A11B68C87F00A0BB3A /* Release */,
			);
			defaultConfigurationIsVisible = 0;
			defaultConfigurationName = Release;
		};
/* End XCConfigurationList section */
	};
	rootObject = B81D70641B68C87F00A0BB3A /* Project object */;
}
