// !$*UTF8*$!
{
	archiveVersion = 1;
	classes = {
	};
	objectVersion = 46;
	objects = {

/* Begin PBXBuildFile section */
		EA4B125F1AE0A61B00B97B5D /* main.m in Sources */ = {isa = PBXBuildFile; fileRef = EA4B125E1AE0A61B00B97B5D /* main.m */; };
		EA4B12621AE0A61B00B97B5D /* AppDelegate.m in Sources */ = {isa = PBXBuildFile; fileRef = EA4B12611AE0A61B00B97B5D /* AppDelegate.m */; };
		EA4B12651AE0A61B00B97B5D /* ViewController.m in Sources */ = {isa = PBXBuildFile; fileRef = EA4B12641AE0A61B00B97B5D /* ViewController.m */; };
		EA4B12681AE0A61B00B97B5D /* Main.storyboard in Resources */ = {isa = PBXBuildFile; fileRef = EA4B12661AE0A61B00B97B5D /* Main.storyboard */; };
		EA4B126A1AE0A61B00B97B5D /* Images.xcassets in Resources */ = {isa = PBXBuildFile; fileRef = EA4B12691AE0A61B00B97B5D /* Images.xcassets */; };
		EA4B126D1AE0A61B00B97B5D /* LaunchScreen.xib in Resources */ = {isa = PBXBuildFile; fileRef = EA4B126B1AE0A61B00B97B5D /* LaunchScreen.xib */; };
		EA4B12791AE0A61B00B97B5D /* AutoLayoutByVFLTests.m in Sources */ = {isa = PBXBuildFile; fileRef = EA4B12781AE0A61B00B97B5D /* AutoLayoutByVFLTests.m */; };
		EA4B12831AE0D8FC00B97B5D /* apple.jpg in Resources */ = {isa = PBXBuildFile; fileRef = EA4B12821AE0D8FC00B97B5D /* apple.jpg */; };
/* End PBXBuildFile section */

/* Begin PBXContainerItemProxy section */
		EA4B12731AE0A61B00B97B5D /* PBXContainerItemProxy */ = {
			isa = PBXContainerItemProxy;
			containerPortal = EA4B12511AE0A61B00B97B5D /* Project object */;
			proxyType = 1;
			remoteGlobalIDString = EA4B12581AE0A61B00B97B5D;
			remoteInfo = AutoLayoutByVFL;
		};
/* End PBXContainerItemProxy section */

/* Begin PBXFileReference section */
		EA4B12591AE0A61B00B97B5D /* AutoLayoutByVFL.app */ = {isa = PBXFileReference; explicitFileType = wrapper.application; includeInIndex = 0; path = AutoLayoutByVFL.app; sourceTree = BUILT_PRODUCTS_DIR; };
		EA4B125D1AE0A61B00B97B5D /* Info.plist */ = {isa = PBXFileReference; lastKnownFileType = text.plist.xml; path = Info.plist; sourceTree = "<group>"; };
		EA4B125E1AE0A61B00B97B5D /* main.m */ = {isa = PBXFileReference; lastKnownFileType = sourcecode.c.objc; path = main.m; sourceTree = "<group>"; };
		EA4B12601AE0A61B00B97B5D /* AppDelegate.h */ = {isa = PBXFileReference; lastKnownFileType = sourcecode.c.h; path = AppDelegate.h; sourceTree = "<group>"; };
		EA4B12611AE0A61B00B97B5D /* AppDelegate.m */ = {isa = PBXFileReference; lastKnownFileType = sourcecode.c.objc; path = AppDelegate.m; sourceTree = "<group>"; };
		EA4B12631AE0A61B00B97B5D /* ViewController.h */ = {isa = PBXFileReference; lastKnownFileType = sourcecode.c.h; path = ViewController.h; sourceTree = "<group>"; };
		EA4B12641AE0A61B00B97B5D /* ViewController.m */ = {isa = PBXFileReference; lastKnownFileType = sourcecode.c.objc; path = ViewController.m; sourceTree = "<group>"; };
		EA4B12671AE0A61B00B97B5D /* Base */ = {isa = PBXFileReference; lastKnownFileType = file.storyboard; name = Base; path = Base.lproj/Main.storyboard; sourceTree = "<group>"; };
		EA4B12691AE0A61B00B97B5D /* Images.xcassets */ = {isa = PBXFileReference; lastKnownFileType = folder.assetcatalog; path = Images.xcassets; sourceTree = "<group>"; };
		EA4B126C1AE0A61B00B97B5D /* Base */ = {isa = PBXFileReference; lastKnownFileType = file.xib; name = Base; path = Base.lproj/LaunchScreen.xib; sourceTree = "<group>"; };
		EA4B12721AE0A61B00B97B5D /* AutoLayoutByVFLTests.xctest */ = {isa = PBXFileReference; explicitFileType = wrapper.cfbundle; includeInIndex = 0; path = AutoLayoutByVFLTests.xctest; sourceTree = BUILT_PRODUCTS_DIR; };
		EA4B12771AE0A61B00B97B5D /* Info.plist */ = {isa = PBXFileReference; lastKnownFileType = text.plist.xml; path = Info.plist; sourceTree = "<group>"; };
		EA4B12781AE0A61B00B97B5D /* AutoLayoutByVFLTests.m */ = {isa = PBXFileReference; lastKnownFileType = sourcecode.c.objc; path = AutoLayoutByVFLTests.m; sourceTree = "<group>"; };
		EA4B12821AE0D8FC00B97B5D /* apple.jpg */ = {isa = PBXFileReference; lastKnownFileType = image.jpeg; path = apple.jpg; sourceTree = "<group>"; };
/* End PBXFileReference section */

/* Begin PBXFrameworksBuildPhase section */
		EA4B12561AE0A61B00B97B5D /* Frameworks */ = {
			isa = PBXFrameworksBuildPhase;
			buildActionMask = 2147483647;
			files = (
			);
			runOnlyForDeploymentPostprocessing = 0;
		};
		EA4B126F1AE0A61B00B97B5D /* Frameworks */ = {
			isa = PBXFrameworksBuildPhase;
			buildActionMask = 2147483647;
			files = (
			);
			runOnlyForDeploymentPostprocessing = 0;
		};
/* End PBXFrameworksBuildPhase section */

/* Begin PBXGroup section */
		EA4B12501AE0A61B00B97B5D = {
			isa = PBXGroup;
			children = (
				EA4B125B1AE0A61B00B97B5D /* AutoLayoutByVFL */,
				EA4B12751AE0A61B00B97B5D /* AutoLayoutByVFLTests */,
				EA4B125A1AE0A61B00B97B5D /* Products */,
			);
			sourceTree = "<group>";
		};
		EA4B125A1AE0A61B00B97B5D /* Products */ = {
			isa = PBXGroup;
			children = (
				EA4B12591AE0A61B00B97B5D /* AutoLayoutByVFL.app */,
				EA4B12721AE0A61B00B97B5D /* AutoLayoutByVFLTests.xctest */,
			);
			name = Products;
			sourceTree = "<group>";
		};
		EA4B125B1AE0A61B00B97B5D /* AutoLayoutByVFL */ = {
			isa = PBXGroup;
			children = (
				EA4B12821AE0D8FC00B97B5D /* apple.jpg */,
				EA4B12601AE0A61B00B97B5D /* AppDelegate.h */,
				EA4B12611AE0A61B00B97B5D /* AppDelegate.m */,
				EA4B12631AE0A61B00B97B5D /* ViewController.h */,
				EA4B12641AE0A61B00B97B5D /* ViewController.m */,
				EA4B12661AE0A61B00B97B5D /* Main.storyboard */,
				EA4B12691AE0A61B00B97B5D /* Images.xcassets */,
				EA4B126B1AE0A61B00B97B5D /* LaunchScreen.xib */,
				EA4B125C1AE0A61B00B97B5D /* Supporting Files */,
			);
			path = AutoLayoutByVFL;
			sourceTree = "<group>";
		};
		EA4B125C1AE0A61B00B97B5D /* Supporting Files */ = {
			isa = PBXGroup;
			children = (
				EA4B125D1AE0A61B00B97B5D /* Info.plist */,
				EA4B125E1AE0A61B00B97B5D /* main.m */,
			);
			name = "Supporting Files";
			sourceTree = "<group>";
		};
		EA4B12751AE0A61B00B97B5D /* AutoLayoutByVFLTests */ = {
			isa = PBXGroup;
			children = (
				EA4B12781AE0A61B00B97B5D /* AutoLayoutByVFLTests.m */,
				EA4B12761AE0A61B00B97B5D /* Supporting Files */,
			);
			path = AutoLayoutByVFLTests;
			sourceTree = "<group>";
		};
		EA4B12761AE0A61B00B97B5D /* Supporting Files */ = {
			isa = PBXGroup;
			children = (
				EA4B12771AE0A61B00B97B5D /* Info.plist */,
			);
			name = "Supporting Files";
			sourceTree = "<group>";
		};
/* End PBXGroup section */

/* Begin PBXNativeTarget section */
		EA4B12581AE0A61B00B97B5D /* AutoLayoutByVFL */ = {
			isa = PBXNativeTarget;
			buildConfigurationList = EA4B127C1AE0A61B00B97B5D /* Build configuration list for PBXNativeTarget "AutoLayoutByVFL" */;
			buildPhases = (
				EA4B12551AE0A61B00B97B5D /* Sources */,
				EA4B12561AE0A61B00B97B5D /* Frameworks */,
				EA4B12571AE0A61B00B97B5D /* Resources */,
			);
			buildRules = (
			);
			dependencies = (
			);
			name = AutoLayoutByVFL;
			productName = AutoLayoutByVFL;
			productReference = EA4B12591AE0A61B00B97B5D /* AutoLayoutByVFL.app */;
			productType = "com.apple.product-type.application";
		};
		EA4B12711AE0A61B00B97B5D /* AutoLayoutByVFLTests */ = {
			isa = PBXNativeTarget;
			buildConfigurationList = EA4B127F1AE0A61B00B97B5D /* Build configuration list for PBXNativeTarget "AutoLayoutByVFLTests" */;
			buildPhases = (
				EA4B126E1AE0A61B00B97B5D /* Sources */,
				EA4B126F1AE0A61B00B97B5D /* Frameworks */,
				EA4B12701AE0A61B00B97B5D /* Resources */,
			);
			buildRules = (
			);
			dependencies = (
				EA4B12741AE0A61B00B97B5D /* PBXTargetDependency */,
			);
			name = AutoLayoutByVFLTests;
			productName = AutoLayoutByVFLTests;
			productReference = EA4B12721AE0A61B00B97B5D /* AutoLayoutByVFLTests.xctest */;
			productType = "com.apple.product-type.bundle.unit-test";
		};
/* End PBXNativeTarget section */

/* Begin PBXProject section */
		EA4B12511AE0A61B00B97B5D /* Project object */ = {
			isa = PBXProject;
			attributes = {
				LastUpgradeCheck = 0630;
				ORGANIZATIONNAME = "Puzhi Li";
				TargetAttributes = {
					EA4B12581AE0A61B00B97B5D = {
						CreatedOnToolsVersion = 6.3;
					};
					EA4B12711AE0A61B00B97B5D = {
						CreatedOnToolsVersion = 6.3;
						TestTargetID = EA4B12581AE0A61B00B97B5D;
					};
				};
			};
			buildConfigurationList = EA4B12541AE0A61B00B97B5D /* Build configuration list for PBXProject "AutoLayoutByVFL" */;
			compatibilityVersion = "Xcode 3.2";
			developmentRegion = English;
			hasScannedForEncodings = 0;
			knownRegions = (
				en,
				Base,
			);
			mainGroup = EA4B12501AE0A61B00B97B5D;
			productRefGroup = EA4B125A1AE0A61B00B97B5D /* Products */;
			projectDirPath = "";
			projectRoot = "";
			targets = (
				EA4B12581AE0A61B00B97B5D /* AutoLayoutByVFL */,
				EA4B12711AE0A61B00B97B5D /* AutoLayoutByVFLTests */,
			);
		};
/* End PBXProject section */

/* Begin PBXResourcesBuildPhase section */
		EA4B12571AE0A61B00B97B5D /* Resources */ = {
			isa = PBXResourcesBuildPhase;
			buildActionMask = 2147483647;
			files = (
				EA4B12681AE0A61B00B97B5D /* Main.storyboard in Resources */,
				EA4B126D1AE0A61B00B97B5D /* LaunchScreen.xib in Resources */,
				EA4B12831AE0D8FC00B97B5D /* apple.jpg in Resources */,
				EA4B126A1AE0A61B00B97B5D /* Images.xcassets in Resources */,
			);
			runOnlyForDeploymentPostprocessing = 0;
		};
		EA4B12701AE0A61B00B97B5D /* Resources */ = {
			isa = PBXResourcesBuildPhase;
			buildActionMask = 2147483647;
			files = (
			);
			runOnlyForDeploymentPostprocessing = 0;
		};
/* End PBXResourcesBuildPhase section */

/* Begin PBXSourcesBuildPhase section */
		EA4B12551AE0A61B00B97B5D /* Sources */ = {
			isa = PBXSourcesBuildPhase;
			buildActionMask = 2147483647;
			files = (
				EA4B12651AE0A61B00B97B5D /* ViewController.m in Sources */,
				EA4B12621AE0A61B00B97B5D /* AppDelegate.m in Sources */,
				EA4B125F1AE0A61B00B97B5D /* main.m in Sources */,
			);
			runOnlyForDeploymentPostprocessing = 0;
		};
		EA4B126E1AE0A61B00B97B5D /* Sources */ = {
			isa = PBXSourcesBuildPhase;
			buildActionMask = 2147483647;
			files = (
				EA4B12791AE0A61B00B97B5D /* AutoLayoutByVFLTests.m in Sources */,
			);
			runOnlyForDeploymentPostprocessing = 0;
		};
/* End PBXSourcesBuildPhase section */

/* Begin PBXTargetDependency section */
		EA4B12741AE0A61B00B97B5D /* PBXTargetDependency */ = {
			isa = PBXTargetDependency;
			target = EA4B12581AE0A61B00B97B5D /* AutoLayoutByVFL */;
			targetProxy = EA4B12731AE0A61B00B97B5D /* PBXContainerItemProxy */;
		};
/* End PBXTargetDependency section */

/* Begin PBXVariantGroup section */
		EA4B12661AE0A61B00B97B5D /* Main.storyboard */ = {
			isa = PBXVariantGroup;
			children = (
				EA4B12671AE0A61B00B97B5D /* Base */,
			);
			name = Main.storyboard;
			sourceTree = "<group>";
		};
		EA4B126B1AE0A61B00B97B5D /* LaunchScreen.xib */ = {
			isa = PBXVariantGroup;
			children = (
				EA4B126C1AE0A61B00B97B5D /* Base */,
			);
			name = LaunchScreen.xib;
			sourceTree = "<group>";
		};
/* End PBXVariantGroup section */

/* Begin XCBuildConfiguration section */
		EA4B127A1AE0A61B00B97B5D /* Debug */ = {
			isa = XCBuildConfiguration;
			buildSettings = {
				ALWAYS_SEARCH_USER_PATHS = NO;
				CLANG_CXX_LANGUAGE_STANDARD = "gnu++0x";
				CLANG_CXX_LIBRARY = "libc++";
				CLANG_ENABLE_MODULES = YES;
				CLANG_ENABLE_OBJC_ARC = YES;
				CLANG_WARN_BOOL_CONVERSION = YES;
				CLANG_WARN_CONSTANT_CONVERSION = YES;
				CLANG_WARN_DIRECT_OBJC_ISA_USAGE = YES_ERROR;
				CLANG_WARN_EMPTY_BODY = YES;
				CLANG_WARN_ENUM_CONVERSION = YES;
				CLANG_WARN_INT_CONVERSION = YES;
				CLANG_WARN_OBJC_ROOT_CLASS = YES_ERROR;
				CLANG_WARN_UNREACHABLE_CODE = YES;
				CLANG_WARN__DUPLICATE_METHOD_MATCH = YES;
				"CODE_SIGN_IDENTITY[sdk=iphoneos*]" = "iPhone Developer";
				COPY_PHASE_STRIP = NO;
				DEBUG_INFORMATION_FORMAT = "dwarf-with-dsym";
				ENABLE_STRICT_OBJC_MSGSEND = YES;
				GCC_C_LANGUAGE_STANDARD = gnu99;
				GCC_DYNAMIC_NO_PIC = NO;
				GCC_NO_COMMON_BLOCKS = YES;
				GCC_OPTIMIZATION_LEVEL = 0;
				GCC_PREPROCESSOR_DEFINITIONS = (
					"DEBUG=1",
					"$(inherited)",
				);
				GCC_SYMBOLS_PRIVATE_EXTERN = NO;
				GCC_WARN_64_TO_32_BIT_CONVERSION = YES;
				GCC_WARN_ABOUT_RETURN_TYPE = YES_ERROR;
				GCC_WARN_UNDECLARED_SELECTOR = YES;
				GCC_WARN_UNINITIALIZED_AUTOS = YES_AGGRESSIVE;
				GCC_WARN_UNUSED_FUNCTION = YES;
				GCC_WARN_UNUSED_VARIABLE = YES;
				IPHONEOS_DEPLOYMENT_TARGET = 8.3;
				MTL_ENABLE_DEBUG_INFO = YES;
				ONLY_ACTIVE_ARCH = YES;
				SDKROOT = iphoneos;
				TARGETED_DEVICE_FAMILY = "1,2";
			};
			name = Debug;
		};
		EA4B127B1AE0A61B00B97B5D /* Release */ = {
			isa = XCBuildConfiguration;
			buildSettings = {
				ALWAYS_SEARCH_USER_PATHS = NO;
				CLANG_CXX_LANGUAGE_STANDARD = "gnu++0x";
				CLANG_CXX_LIBRARY = "libc++";
				CLANG_ENABLE_MODULES = YES;
				CLANG_ENABLE_OBJC_ARC = YES;
				CLANG_WARN_BOOL_CONVERSION = YES;
				CLANG_WARN_CONSTANT_CONVERSION = YES;
				CLANG_WARN_DIRECT_OBJC_ISA_USAGE = YES_ERROR;
				CLANG_WARN_EMPTY_BODY = YES;
				CLANG_WARN_ENUM_CONVERSION = YES;
				CLANG_WARN_INT_CONVERSION = YES;
				CLANG_WARN_OBJC_ROOT_CLASS = YES_ERROR;
				CLANG_WARN_UNREACHABLE_CODE = YES;
				CLANG_WARN__DUPLICATE_METHOD_MATCH = YES;
				"CODE_SIGN_IDENTITY[sdk=iphoneos*]" = "iPhone Developer";
				COPY_PHASE_STRIP = NO;
				DEBUG_INFORMATION_FORMAT = "dwarf-with-dsym";
				ENABLE_NS_ASSERTIONS = NO;
				ENABLE_STRICT_OBJC_MSGSEND = YES;
				GCC_C_LANGUAGE_STANDARD = gnu99;
				GCC_NO_COMMON_BLOCKS = YES;
				GCC_WARN_64_TO_32_BIT_CONVERSION = YES;
				GCC_WARN_ABOUT_RETURN_TYPE = YES_ERROR;
				GCC_WARN_UNDECLARED_SELECTOR = YES;
				GCC_WARN_UNINITIALIZED_AUTOS = YES_AGGRESSIVE;
				GCC_WARN_UNUSED_FUNCTION = YES;
				GCC_WARN_UNUSED_VARIABLE = YES;
				IPHONEOS_DEPLOYMENT_TARGET = 8.3;
				MTL_ENABLE_DEBUG_INFO = NO;
				SDKROOT = iphoneos;
				TARGETED_DEVICE_FAMILY = "1,2";
				VALIDATE_PRODUCT = YES;
			};
			name = Release;
		};
		EA4B127D1AE0A61B00B97B5D /* Debug */ = {
			isa = XCBuildConfiguration;
			buildSettings = {
				ASSETCATALOG_COMPILER_APPICON_NAME = AppIcon;
				INFOPLIST_FILE = AutoLayoutByVFL/Info.plist;
				LD_RUNPATH_SEARCH_PATHS = "$(inherited) @executable_path/Frameworks";
				PRODUCT_NAME = "$(TARGET_NAME)";
			};
			name = Debug;
		};
		EA4B127E1AE0A61B00B97B5D /* Release */ = {
			isa = XCBuildConfiguration;
			buildSettings = {
				ASSETCATALOG_COMPILER_APPICON_NAME = AppIcon;
				INFOPLIST_FILE = AutoLayoutByVFL/Info.plist;
				LD_RUNPATH_SEARCH_PATHS = "$(inherited) @executable_path/Frameworks";
				PRODUCT_NAME = "$(TARGET_NAME)";
			};
			name = Release;
		};
		EA4B12801AE0A61B00B97B5D /* Debug */ = {
			isa = XCBuildConfiguration;
			buildSettings = {
				BUNDLE_LOADER = "$(TEST_HOST)";
				FRAMEWORK_SEARCH_PATHS = (
					"$(SDKROOT)/Developer/Library/Frameworks",
					"$(inherited)",
				);
				GCC_PREPROCESSOR_DEFINITIONS = (
					"DEBUG=1",
					"$(inherited)",
				);
				INFOPLIST_FILE = AutoLayoutByVFLTests/Info.plist;
				LD_RUNPATH_SEARCH_PATHS = "$(inherited) @executable_path/Frameworks @loader_path/Frameworks";
				PRODUCT_NAME = "$(TARGET_NAME)";
				TEST_HOST = "$(BUILT_PRODUCTS_DIR)/AutoLayoutByVFL.app/AutoLayoutByVFL";
			};
			name = Debug;
		};
		EA4B12811AE0A61B00B97B5D /* Release */ = {
			isa = XCBuildConfiguration;
			buildSettings = {
				BUNDLE_LOADER = "$(TEST_HOST)";
				FRAMEWORK_SEARCH_PATHS = (
					"$(SDKROOT)/Developer/Library/Frameworks",
					"$(inherited)",
				);
				INFOPLIST_FILE = AutoLayoutByVFLTests/Info.plist;
				LD_RUNPATH_SEARCH_PATHS = "$(inherited) @executable_path/Frameworks @loader_path/Frameworks";
				PRODUCT_NAME = "$(TARGET_NAME)";
				TEST_HOST = "$(BUILT_PRODUCTS_DIR)/AutoLayoutByVFL.app/AutoLayoutByVFL";
			};
			name = Release;
		};
/* End XCBuildConfiguration section */

/* Begin XCConfigurationList section */
		EA4B12541AE0A61B00B97B5D /* Build configuration list for PBXProject "AutoLayoutByVFL" */ = {
			isa = XCConfigurationList;
			buildConfigurations = (
				EA4B127A1AE0A61B00B97B5D /* Debug */,
				EA4B127B1AE0A61B00B97B5D /* Release */,
			);
			defaultConfigurationIsVisible = 0;
			defaultConfigurationName = Release;
		};
		EA4B127C1AE0A61B00B97B5D /* Build configuration list for PBXNativeTarget "AutoLayoutByVFL" */ = {
			isa = XCConfigurationList;
			buildConfigurations = (
				EA4B127D1AE0A61B00B97B5D /* Debug */,
				EA4B127E1AE0A61B00B97B5D /* Release */,
			);
			defaultConfigurationIsVisible = 0;
		};
		EA4B127F1AE0A61B00B97B5D /* Build configuration list for PBXNativeTarget "AutoLayoutByVFLTests" */ = {
			isa = XCConfigurationList;
			buildConfigurations = (
				EA4B12801AE0A61B00B97B5D /* Debug */,
				EA4B12811AE0A61B00B97B5D /* Release */,
			);
			defaultConfigurationIsVisible = 0;
		};
/* End XCConfigurationList section */
	};
	rootObject = EA4B12511AE0A61B00B97B5D /* Project object */;
}
